
Microsoft Visual Studio Solution File, Format Version 12.00
# Visual Studio Version 16
VisualStudioVersion = 16.0.29911.84
MinimumVisualStudioVersion = 10.0.40219.1
Project("{8BC9CEB8-8B4A-11D0-8D11-00A0C91BC942}") = "Sandbox", "Sandbox\Sandbox.vcxproj", "{43C97A2C-80A3-40A0-8785-E11532CA09F0}"
EndProject
Project("{8BC9CEB8-8B4A-11D0-8D11-00A0C91BC942}") = "FEngine", "FEngine\FEngine.vcxproj", "{9F598518-86E8-4EF9-A082-496B28278731}"
EndProject

Global
	GlobalSection(SolutionConfigurationPlatforms) = preSolution
		Debug|x64 = Debug|x64
		Release|x64 = Release|x64
	EndGlobalSection
	GlobalSection(ProjectConfigurationPlatforms) = postSolution
		{9F598518-86E8-4EF9-A082-496B28278731}.Debug|x64.ActiveCfg = Debug|x64
		{9F598518-86E8-4EF9-A082-496B28278731}.Debug|x64.Build.0 = Debug|x64
		{9F598518-86E8-4EF9-A082-496B28278731}.Release|x64.ActiveCfg = Release|x64
		{9F598518-86E8-4EF9-A082-496B28278731}.Release|x64.Build.0 = Release|x64
		{43C97A2C-80A3-40A0-8785-E11532CA09F0}.Debug|x64.ActiveCfg = Debug|x64
		{43C97A2C-80A3-40A0-8785-E11532CA09F0}.Debug|x64.Build.0 = Debug|x64
		{43C97A2C-80A3-40A0-8785-E11532CA09F0}.Release|x64.ActiveCfg = Release|x64
		{43C97A2C-80A3-40A0-8785-E11532CA09F0}.Release|x64.Build.0 = Release|x64
	EndGlobalSection
	GlobalSection(SolutionProperties) = preSolution
		HideSolutionNode = FALSE
	EndGlobalSection
	GlobalSection(ExtensibilityGlobals) = postSolution
		SolutionGuid = {D9CA7499-DDD3-4896-8FBC-973692D94300}
	EndGlobalSection
EndGlobal
